# This file is automatically @generated by Cargo.
# It is not intended for manual editing.
version = 4

[[package]]
name = "alpha"
version = "0.3.0"

[[package]]
name = "beta"
version = "0.3.0"
dependencies = [
 "alpha",
]

[[package]]
name = "unrelated"
version = "0.3.0"
source = "registry+https://github.com/rust-lang/crates.io-index"
checksum = "0000000000000000000000000000000000000000000000000000000000000000"
