{
  "name": "fixture",
  "lockfileVersion": 3,
  "requires": true,
  "packages": {
    "": {
      "name": "fixture",
      "workspaces": [
        "packages/one",
        "packages/two"
      ]
    },
    "node_modules/@fixture/one": {
      "resolved": "packages/one",
      "link": true
    },
    "node_modules/@fixture/two": {
      "resolved": "packages/two",
      "link": true
    },
    "node_modules/unrelated": {
      "version": "0.3.0",
      "resolved": "https://registry.npmjs.org/unrelated/-/unrelated-0.3.0.tgz"
    },
    "packages/one": {
      "name": "@fixture/one",
      "version": "0.3.0",
      "dependencies": {
        "unrelated": "0.3.0"
      }
    },
    "packages/two": {
      "name": "@fixture/two",
      "version": "0.3.0",
      "dependencies": {
        "@fixture/one": "0.3.0"
      },
      "devDependencies": {
        "unrelated": "0.3.0"
      }
    }
  }
}
